
Microsoft Visual Studio Solution File, Format Version 12.00
# Visual Studio Version 17
VisualStudioVersion = 17.0.31912.275
MinimumVisualStudioVersion = 10.0.40219.1
Project("{9A19103F-16F7-4668-BE54-9A1E7A4F7556}") = "UATPRapidPay.Shared", "RapidPayFolder\UATPRapidPay.Shared\UATPRapidPay.Shared.csproj", "{553098D1-1BE4-41B4-87B3-690F0368248C}"
EndProject
Project("{2150E333-8FDC-42A3-9474-1A3956D46DE8}") = "Card", "Card", "{14CA818A-B881-4011-8B47-94790885D009}"
EndProject
Project("{2150E333-8FDC-42A3-9474-1A3956D46DE8}") = "Infrastructure", "Infrastructure", "{708F71E7-71BB-4781-BC79-1C4F4E7A7D84}"
EndProject
Project("{2150E333-8FDC-42A3-9474-1A3956D46DE8}") = "Domain", "Domain", "{1628274E-560E-4025-8EA7-C4087E58ED4B}"
EndProject
Project("{2150E333-8FDC-42A3-9474-1A3956D46DE8}") = "Application", "Application", "{2D36C73D-9882-4E1A-BB67-3E434F311FDD}"
EndProject
Project("{2150E333-8FDC-42A3-9474-1A3956D46DE8}") = "Presentation", "Presentation", "{4C1B42A9-00AE-46D0-9303-872DFD9398AB}"
EndProject
Project("{9A19103F-16F7-4668-BE54-9A1E7A4F7556}") = "UATPRapidPay.Card.Application", "RapidPayFolder\Card\UATPRapidPay.Card.Application\UATPRapidPay.Card.Application.csproj", "{1876C690-4620-4D63-90A1-99C61A5C3998}"
EndProject
Project("{9A19103F-16F7-4668-BE54-9A1E7A4F7556}") = "UATPRapidPay.Card.Domain", "RapidPayFolder\Card\UATPRapidPay.Card.Domain\UATPRapidPay.Card.Domain.csproj", "{4C83678E-D349-46F6-BE28-36702CF7BABF}"
EndProject
Project("{9A19103F-16F7-4668-BE54-9A1E7A4F7556}") = "UATPRapidPay.Card.Infrastructure.SqlServer", "RapidPayFolder\Card\UATPRapidPay.Card.Infrastructure\UATPRapidPay.Card.Infrastructure.SqlServer.csproj", "{B8373646-D9C5-4604-8DEF-8B9F2BB940E1}"
EndProject
Project("{9A19103F-16F7-4668-BE54-9A1E7A4F7556}") = "UATPRapidPay.Card.Api", "RapidPayFolder\Card\UATPRapidPay.Card.Api\UATPRapidPay.Card.Api.csproj", "{460138E9-75D0-45CB-AEA0-540537BCCA55}"
EndProject
Project("{FAE04EC0-301F-11D3-BF4B-00C04F79EFBC}") = "UATPRapidPay.Card.Infrastructure.Ioc", "UATPRapidPay.Card.Infrastructure.Ioc\UATPRapidPay.Card.Infrastructure.Ioc.csproj", "{889FB28D-EFA5-4982-B74A-FDEEFEE05B2E}"
EndProject
Global
	GlobalSection(SolutionConfigurationPlatforms) = preSolution
		Debug|Any CPU = Debug|Any CPU
		Release|Any CPU = Release|Any CPU
	EndGlobalSection
	GlobalSection(ProjectConfigurationPlatforms) = postSolution
		{553098D1-1BE4-41B4-87B3-690F0368248C}.Debug|Any CPU.ActiveCfg = Debug|Any CPU
		{553098D1-1BE4-41B4-87B3-690F0368248C}.Debug|Any CPU.Build.0 = Debug|Any CPU
		{553098D1-1BE4-41B4-87B3-690F0368248C}.Release|Any CPU.ActiveCfg = Release|Any CPU
		{553098D1-1BE4-41B4-87B3-690F0368248C}.Release|Any CPU.Build.0 = Release|Any CPU
		{1876C690-4620-4D63-90A1-99C61A5C3998}.Debug|Any CPU.ActiveCfg = Debug|Any CPU
		{1876C690-4620-4D63-90A1-99C61A5C3998}.Debug|Any CPU.Build.0 = Debug|Any CPU
		{1876C690-4620-4D63-90A1-99C61A5C3998}.Release|Any CPU.ActiveCfg = Release|Any CPU
		{1876C690-4620-4D63-90A1-99C61A5C3998}.Release|Any CPU.Build.0 = Release|Any CPU
		{4C83678E-D349-46F6-BE28-36702CF7BABF}.Debug|Any CPU.ActiveCfg = Debug|Any CPU
		{4C83678E-D349-46F6-BE28-36702CF7BABF}.Debug|Any CPU.Build.0 = Debug|Any CPU
		{4C83678E-D349-46F6-BE28-36702CF7BABF}.Release|Any CPU.ActiveCfg = Release|Any CPU
		{4C83678E-D349-46F6-BE28-36702CF7BABF}.Release|Any CPU.Build.0 = Release|Any CPU
		{B8373646-D9C5-4604-8DEF-8B9F2BB940E1}.Debug|Any CPU.ActiveCfg = Debug|Any CPU
		{B8373646-D9C5-4604-8DEF-8B9F2BB940E1}.Debug|Any CPU.Build.0 = Debug|Any CPU
		{B8373646-D9C5-4604-8DEF-8B9F2BB940E1}.Release|Any CPU.ActiveCfg = Release|Any CPU
		{B8373646-D9C5-4604-8DEF-8B9F2BB940E1}.Release|Any CPU.Build.0 = Release|Any CPU
		{460138E9-75D0-45CB-AEA0-540537BCCA55}.Debug|Any CPU.ActiveCfg = Debug|Any CPU
		{460138E9-75D0-45CB-AEA0-540537BCCA55}.Debug|Any CPU.Build.0 = Debug|Any CPU
		{460138E9-75D0-45CB-AEA0-540537BCCA55}.Release|Any CPU.ActiveCfg = Release|Any CPU
		{460138E9-75D0-45CB-AEA0-540537BCCA55}.Release|Any CPU.Build.0 = Release|Any CPU
		{889FB28D-EFA5-4982-B74A-FDEEFEE05B2E}.Debug|Any CPU.ActiveCfg = Debug|Any CPU
		{889FB28D-EFA5-4982-B74A-FDEEFEE05B2E}.Debug|Any CPU.Build.0 = Debug|Any CPU
		{889FB28D-EFA5-4982-B74A-FDEEFEE05B2E}.Release|Any CPU.ActiveCfg = Release|Any CPU
		{889FB28D-EFA5-4982-B74A-FDEEFEE05B2E}.Release|Any CPU.Build.0 = Release|Any CPU
	EndGlobalSection
	GlobalSection(SolutionProperties) = preSolution
		HideSolutionNode = FALSE
	EndGlobalSection
	GlobalSection(NestedProjects) = preSolution
		{708F71E7-71BB-4781-BC79-1C4F4E7A7D84} = {14CA818A-B881-4011-8B47-94790885D009}
		{1628274E-560E-4025-8EA7-C4087E58ED4B} = {14CA818A-B881-4011-8B47-94790885D009}
		{2D36C73D-9882-4E1A-BB67-3E434F311FDD} = {14CA818A-B881-4011-8B47-94790885D009}
		{4C1B42A9-00AE-46D0-9303-872DFD9398AB} = {14CA818A-B881-4011-8B47-94790885D009}
		{1876C690-4620-4D63-90A1-99C61A5C3998} = {2D36C73D-9882-4E1A-BB67-3E434F311FDD}
		{4C83678E-D349-46F6-BE28-36702CF7BABF} = {1628274E-560E-4025-8EA7-C4087E58ED4B}
		{B8373646-D9C5-4604-8DEF-8B9F2BB940E1} = {708F71E7-71BB-4781-BC79-1C4F4E7A7D84}
		{460138E9-75D0-45CB-AEA0-540537BCCA55} = {4C1B42A9-00AE-46D0-9303-872DFD9398AB}
		{889FB28D-EFA5-4982-B74A-FDEEFEE05B2E} = {708F71E7-71BB-4781-BC79-1C4F4E7A7D84}
	EndGlobalSection
	GlobalSection(ExtensibilityGlobals) = postSolution
		SolutionGuid = {D8D3BE76-1B62-465B-995B-33FAB680B505}
	EndGlobalSection
EndGlobal
