
Microsoft Visual Studio Solution File, Format Version 12.00
# Visual Studio Version 17
VisualStudioVersion = 17.0.31912.275
MinimumVisualStudioVersion = 10.0.40219.1
Project("{9A19103F-16F7-4668-BE54-9A1E7A4F7556}") = "RapidPay", "RapidPay\RapidPay.csproj", "{B29FF2F9-8BD7-4364-A97F-0A4C7E2E6A73}"
EndProject
Project("{FAE04EC0-301F-11D3-BF4B-00C04F79EFBC}") = "UATPRapidPay.Domain", "UATPRapidPay.Domain\UATPRapidPay.Domain.csproj", "{7B20F678-C460-4521-A6A4-B08B412824EA}"
EndProject
Project("{FAE04EC0-301F-11D3-BF4B-00C04F79EFBC}") = "UATPRapidPay.Application", "UATPRapidPay.Application\UATPRapidPay.Application.csproj", "{6D4FF629-AC17-4391-8BBF-2F5B15D3519D}"
EndProject
Project("{FAE04EC0-301F-11D3-BF4B-00C04F79EFBC}") = "UATPRapidPay.Shared", "UATPRapidPay.Shared\UATPRapidPay.Shared.csproj", "{553098D1-1BE4-41B4-87B3-690F0368248C}"
EndProject
Project("{FAE04EC0-301F-11D3-BF4B-00C04F79EFBC}") = "UATPRapidPay.API", "UATPRapidPay.API\UATPRapidPay.API.csproj", "{46C84B54-EDC4-43A5-9500-505456E74432}"
EndProject
Global
	GlobalSection(SolutionConfigurationPlatforms) = preSolution
		Debug|Any CPU = Debug|Any CPU
		Release|Any CPU = Release|Any CPU
	EndGlobalSection
	GlobalSection(ProjectConfigurationPlatforms) = postSolution
		{B29FF2F9-8BD7-4364-A97F-0A4C7E2E6A73}.Debug|Any CPU.ActiveCfg = Debug|Any CPU
		{B29FF2F9-8BD7-4364-A97F-0A4C7E2E6A73}.Debug|Any CPU.Build.0 = Debug|Any CPU
		{B29FF2F9-8BD7-4364-A97F-0A4C7E2E6A73}.Release|Any CPU.ActiveCfg = Release|Any CPU
		{B29FF2F9-8BD7-4364-A97F-0A4C7E2E6A73}.Release|Any CPU.Build.0 = Release|Any CPU
		{7B20F678-C460-4521-A6A4-B08B412824EA}.Debug|Any CPU.ActiveCfg = Debug|Any CPU
		{7B20F678-C460-4521-A6A4-B08B412824EA}.Debug|Any CPU.Build.0 = Debug|Any CPU
		{7B20F678-C460-4521-A6A4-B08B412824EA}.Release|Any CPU.ActiveCfg = Release|Any CPU
		{7B20F678-C460-4521-A6A4-B08B412824EA}.Release|Any CPU.Build.0 = Release|Any CPU
		{6D4FF629-AC17-4391-8BBF-2F5B15D3519D}.Debug|Any CPU.ActiveCfg = Debug|Any CPU
		{6D4FF629-AC17-4391-8BBF-2F5B15D3519D}.Debug|Any CPU.Build.0 = Debug|Any CPU
		{6D4FF629-AC17-4391-8BBF-2F5B15D3519D}.Release|Any CPU.ActiveCfg = Release|Any CPU
		{6D4FF629-AC17-4391-8BBF-2F5B15D3519D}.Release|Any CPU.Build.0 = Release|Any CPU
		{553098D1-1BE4-41B4-87B3-690F0368248C}.Debug|Any CPU.ActiveCfg = Debug|Any CPU
		{553098D1-1BE4-41B4-87B3-690F0368248C}.Debug|Any CPU.Build.0 = Debug|Any CPU
		{553098D1-1BE4-41B4-87B3-690F0368248C}.Release|Any CPU.ActiveCfg = Release|Any CPU
		{553098D1-1BE4-41B4-87B3-690F0368248C}.Release|Any CPU.Build.0 = Release|Any CPU
		{46C84B54-EDC4-43A5-9500-505456E74432}.Debug|Any CPU.ActiveCfg = Debug|Any CPU
		{46C84B54-EDC4-43A5-9500-505456E74432}.Debug|Any CPU.Build.0 = Debug|Any CPU
		{46C84B54-EDC4-43A5-9500-505456E74432}.Release|Any CPU.ActiveCfg = Release|Any CPU
		{46C84B54-EDC4-43A5-9500-505456E74432}.Release|Any CPU.Build.0 = Release|Any CPU
	EndGlobalSection
	GlobalSection(SolutionProperties) = preSolution
		HideSolutionNode = FALSE
	EndGlobalSection
	GlobalSection(ExtensibilityGlobals) = postSolution
		SolutionGuid = {D8D3BE76-1B62-465B-995B-33FAB680B505}
	EndGlobalSection
EndGlobal
