
Microsoft Visual Studio Solution File, Format Version 12.00
# Visual Studio Version 17
VisualStudioVersion = 17.0.31912.275
MinimumVisualStudioVersion = 10.0.40219.1
Project("{9A19103F-16F7-4668-BE54-9A1E7A4F7556}") = "UATPRapidPay.Shared", "UATPRapidPay.Shared\UATPRapidPay.Shared.csproj", "{553098D1-1BE4-41B4-87B3-690F0368248C}"
EndProject
Project("{2150E333-8FDC-42A3-9474-1A3956D46DE8}") = "Card", "Card", "{14CA818A-B881-4011-8B47-94790885D009}"
EndProject
Project("{2150E333-8FDC-42A3-9474-1A3956D46DE8}") = "Infrastructure", "Infrastructure", "{708F71E7-71BB-4781-BC79-1C4F4E7A7D84}"
EndProject
Project("{2150E333-8FDC-42A3-9474-1A3956D46DE8}") = "Domain", "Domain", "{1628274E-560E-4025-8EA7-C4087E58ED4B}"
EndProject
Project("{2150E333-8FDC-42A3-9474-1A3956D46DE8}") = "Application", "Application", "{2D36C73D-9882-4E1A-BB67-3E434F311FDD}"
EndProject
Project("{2150E333-8FDC-42A3-9474-1A3956D46DE8}") = "Presentation", "Presentation", "{4C1B42A9-00AE-46D0-9303-872DFD9398AB}"
EndProject
Project("{9A19103F-16F7-4668-BE54-9A1E7A4F7556}") = "UATPRapidPay.Card.Application", "Card\Application\UATPRapidPay.Card.Application.csproj", "{1876C690-4620-4D63-90A1-99C61A5C3998}"
EndProject
Project("{9A19103F-16F7-4668-BE54-9A1E7A4F7556}") = "UATPRapidPay.Card.Domain", "Card\Domain\UATPRapidPay.Card.Domain.csproj", "{4C83678E-D349-46F6-BE28-36702CF7BABF}"
EndProject
Project("{9A19103F-16F7-4668-BE54-9A1E7A4F7556}") = "UATPRapidPay.Card.Infrastructure", "Card\Infrastructure\UATPRapidPay.Card.Infrastructure.csproj", "{B8373646-D9C5-4604-8DEF-8B9F2BB940E1}"
EndProject
Project("{9A19103F-16F7-4668-BE54-9A1E7A4F7556}") = "UATPRapidPay.Card.Api", "Card\Presentation\UATPRapidPay.Card.Api.csproj", "{460138E9-75D0-45CB-AEA0-540537BCCA55}"
EndProject
Project("{2150E333-8FDC-42A3-9474-1A3956D46DE8}") = "Tests", "Tests", "{0666D542-3539-45ED-915F-898F86819C5E}"
EndProject
Project("{9A19103F-16F7-4668-BE54-9A1E7A4F7556}") = "UATPRapidPay.Card.Domain.Tests", "Card\Tests\UnitTests\UATPRapidPay.Card.Domain.Tests.csproj", "{B96983CA-7167-4F79-9D07-C633A18C7881}"
EndProject
Project("{9A19103F-16F7-4668-BE54-9A1E7A4F7556}") = "UATPRapidPay.Card.Presentation.API.Tests", "Card\Tests\Presentation\UATPRapidPay.Card.Presentation.API.Tests.csproj", "{9989F66E-80BA-4DCF-91B0-2CE73B332D49}"
EndProject
Project("{9A19103F-16F7-4668-BE54-9A1E7A4F7556}") = "UATPRapidPay.Card.Tests.EndToEnd", "Card\Tests\EndToEnd\UATPRapidPay.Card.Tests.EndToEnd.csproj", "{ADE87CC9-5D07-4ED8-AE00-9699F25571F4}"
EndProject
Project("{2150E333-8FDC-42A3-9474-1A3956D46DE8}") = "Identity", "Identity", "{7CC35FE8-6FD3-4385-8301-C255E7E67D93}"
EndProject
Project("{2150E333-8FDC-42A3-9474-1A3956D46DE8}") = "Application", "Application", "{0F772C1F-EA9E-450A-BACC-AE84F191D8B2}"
EndProject
Project("{2150E333-8FDC-42A3-9474-1A3956D46DE8}") = "Domain", "Domain", "{EB53A2A0-9D34-4762-89C8-F5DEF515753E}"
EndProject
Project("{2150E333-8FDC-42A3-9474-1A3956D46DE8}") = "Presentacion", "Presentacion", "{B50C6A62-8619-42E5-8089-682914CF7CE9}"
EndProject
Project("{2150E333-8FDC-42A3-9474-1A3956D46DE8}") = "Infrastructure", "Infrastructure", "{4B66CE1B-ED4D-4540-A1C8-86FB0E563B71}"
EndProject
Project("{9A19103F-16F7-4668-BE54-9A1E7A4F7556}") = "RapidPay.Identity.Application", "Identity\Application\RapidPay.Identity.Application\RapidPay.Identity.Application.csproj", "{0608E4DE-4D30-465A-A745-C8C09C6E215F}"
EndProject
Project("{9A19103F-16F7-4668-BE54-9A1E7A4F7556}") = "RapidPay.Identity.Domain", "Identity\Domain\RapidPay.Identity.Domain\RapidPay.Identity.Domain.csproj", "{492105B1-AD7A-4C34-94F1-FA7C510412A1}"
EndProject
Project("{9A19103F-16F7-4668-BE54-9A1E7A4F7556}") = "RapidPay.Identity.Infrastructure", "Identity\Infrastructure\RapidPay.Identity.Infrastructure\RapidPay.Identity.Infrastructure.csproj", "{EAFF2383-DF08-470C-B873-0363D75EF64B}"
EndProject
Project("{9A19103F-16F7-4668-BE54-9A1E7A4F7556}") = "RapidPay.Identity.Presentation", "Identity\Presentation\RapidPay.Identity.Presentation\RapidPay.Identity.Presentation.csproj", "{CA1C9820-AFAE-4EBC-90BD-69F74277C81F}"
EndProject
Project("{9A19103F-16F7-4668-BE54-9A1E7A4F7556}") = "IdentityProvider", "..\..\IdentityServer\IdentityProvider\IdentityProvider.csproj", "{452B0025-862A-4C68-97E7-DD2EE8C5EE2A}"
EndProject
Global
	GlobalSection(SolutionConfigurationPlatforms) = preSolution
		Debug|Any CPU = Debug|Any CPU
		Release|Any CPU = Release|Any CPU
	EndGlobalSection
	GlobalSection(ProjectConfigurationPlatforms) = postSolution
		{553098D1-1BE4-41B4-87B3-690F0368248C}.Debug|Any CPU.ActiveCfg = Debug|Any CPU
		{553098D1-1BE4-41B4-87B3-690F0368248C}.Debug|Any CPU.Build.0 = Debug|Any CPU
		{553098D1-1BE4-41B4-87B3-690F0368248C}.Release|Any CPU.ActiveCfg = Release|Any CPU
		{553098D1-1BE4-41B4-87B3-690F0368248C}.Release|Any CPU.Build.0 = Release|Any CPU
		{1876C690-4620-4D63-90A1-99C61A5C3998}.Debug|Any CPU.ActiveCfg = Debug|Any CPU
		{1876C690-4620-4D63-90A1-99C61A5C3998}.Debug|Any CPU.Build.0 = Debug|Any CPU
		{1876C690-4620-4D63-90A1-99C61A5C3998}.Release|Any CPU.ActiveCfg = Release|Any CPU
		{1876C690-4620-4D63-90A1-99C61A5C3998}.Release|Any CPU.Build.0 = Release|Any CPU
		{4C83678E-D349-46F6-BE28-36702CF7BABF}.Debug|Any CPU.ActiveCfg = Debug|Any CPU
		{4C83678E-D349-46F6-BE28-36702CF7BABF}.Debug|Any CPU.Build.0 = Debug|Any CPU
		{4C83678E-D349-46F6-BE28-36702CF7BABF}.Release|Any CPU.ActiveCfg = Release|Any CPU
		{4C83678E-D349-46F6-BE28-36702CF7BABF}.Release|Any CPU.Build.0 = Release|Any CPU
		{B8373646-D9C5-4604-8DEF-8B9F2BB940E1}.Debug|Any CPU.ActiveCfg = Debug|Any CPU
		{B8373646-D9C5-4604-8DEF-8B9F2BB940E1}.Debug|Any CPU.Build.0 = Debug|Any CPU
		{B8373646-D9C5-4604-8DEF-8B9F2BB940E1}.Release|Any CPU.ActiveCfg = Release|Any CPU
		{B8373646-D9C5-4604-8DEF-8B9F2BB940E1}.Release|Any CPU.Build.0 = Release|Any CPU
		{460138E9-75D0-45CB-AEA0-540537BCCA55}.Debug|Any CPU.ActiveCfg = Debug|Any CPU
		{460138E9-75D0-45CB-AEA0-540537BCCA55}.Debug|Any CPU.Build.0 = Debug|Any CPU
		{460138E9-75D0-45CB-AEA0-540537BCCA55}.Release|Any CPU.ActiveCfg = Release|Any CPU
		{460138E9-75D0-45CB-AEA0-540537BCCA55}.Release|Any CPU.Build.0 = Release|Any CPU
		{B96983CA-7167-4F79-9D07-C633A18C7881}.Debug|Any CPU.ActiveCfg = Debug|Any CPU
		{B96983CA-7167-4F79-9D07-C633A18C7881}.Debug|Any CPU.Build.0 = Debug|Any CPU
		{B96983CA-7167-4F79-9D07-C633A18C7881}.Release|Any CPU.ActiveCfg = Release|Any CPU
		{B96983CA-7167-4F79-9D07-C633A18C7881}.Release|Any CPU.Build.0 = Release|Any CPU
		{9989F66E-80BA-4DCF-91B0-2CE73B332D49}.Debug|Any CPU.ActiveCfg = Debug|Any CPU
		{9989F66E-80BA-4DCF-91B0-2CE73B332D49}.Debug|Any CPU.Build.0 = Debug|Any CPU
		{9989F66E-80BA-4DCF-91B0-2CE73B332D49}.Release|Any CPU.ActiveCfg = Release|Any CPU
		{9989F66E-80BA-4DCF-91B0-2CE73B332D49}.Release|Any CPU.Build.0 = Release|Any CPU
		{ADE87CC9-5D07-4ED8-AE00-9699F25571F4}.Debug|Any CPU.ActiveCfg = Debug|Any CPU
		{ADE87CC9-5D07-4ED8-AE00-9699F25571F4}.Debug|Any CPU.Build.0 = Debug|Any CPU
		{ADE87CC9-5D07-4ED8-AE00-9699F25571F4}.Release|Any CPU.ActiveCfg = Release|Any CPU
		{ADE87CC9-5D07-4ED8-AE00-9699F25571F4}.Release|Any CPU.Build.0 = Release|Any CPU
		{0608E4DE-4D30-465A-A745-C8C09C6E215F}.Debug|Any CPU.ActiveCfg = Debug|Any CPU
		{0608E4DE-4D30-465A-A745-C8C09C6E215F}.Debug|Any CPU.Build.0 = Debug|Any CPU
		{0608E4DE-4D30-465A-A745-C8C09C6E215F}.Release|Any CPU.ActiveCfg = Release|Any CPU
		{0608E4DE-4D30-465A-A745-C8C09C6E215F}.Release|Any CPU.Build.0 = Release|Any CPU
		{492105B1-AD7A-4C34-94F1-FA7C510412A1}.Debug|Any CPU.ActiveCfg = Debug|Any CPU
		{492105B1-AD7A-4C34-94F1-FA7C510412A1}.Debug|Any CPU.Build.0 = Debug|Any CPU
		{492105B1-AD7A-4C34-94F1-FA7C510412A1}.Release|Any CPU.ActiveCfg = Release|Any CPU
		{492105B1-AD7A-4C34-94F1-FA7C510412A1}.Release|Any CPU.Build.0 = Release|Any CPU
		{EAFF2383-DF08-470C-B873-0363D75EF64B}.Debug|Any CPU.ActiveCfg = Debug|Any CPU
		{EAFF2383-DF08-470C-B873-0363D75EF64B}.Debug|Any CPU.Build.0 = Debug|Any CPU
		{EAFF2383-DF08-470C-B873-0363D75EF64B}.Release|Any CPU.ActiveCfg = Release|Any CPU
		{EAFF2383-DF08-470C-B873-0363D75EF64B}.Release|Any CPU.Build.0 = Release|Any CPU
		{CA1C9820-AFAE-4EBC-90BD-69F74277C81F}.Debug|Any CPU.ActiveCfg = Debug|Any CPU
		{CA1C9820-AFAE-4EBC-90BD-69F74277C81F}.Debug|Any CPU.Build.0 = Debug|Any CPU
		{CA1C9820-AFAE-4EBC-90BD-69F74277C81F}.Release|Any CPU.ActiveCfg = Release|Any CPU
		{CA1C9820-AFAE-4EBC-90BD-69F74277C81F}.Release|Any CPU.Build.0 = Release|Any CPU
		{452B0025-862A-4C68-97E7-DD2EE8C5EE2A}.Debug|Any CPU.ActiveCfg = Debug|Any CPU
		{452B0025-862A-4C68-97E7-DD2EE8C5EE2A}.Debug|Any CPU.Build.0 = Debug|Any CPU
		{452B0025-862A-4C68-97E7-DD2EE8C5EE2A}.Release|Any CPU.ActiveCfg = Release|Any CPU
		{452B0025-862A-4C68-97E7-DD2EE8C5EE2A}.Release|Any CPU.Build.0 = Release|Any CPU
	EndGlobalSection
	GlobalSection(SolutionProperties) = preSolution
		HideSolutionNode = FALSE
	EndGlobalSection
	GlobalSection(NestedProjects) = preSolution
		{708F71E7-71BB-4781-BC79-1C4F4E7A7D84} = {14CA818A-B881-4011-8B47-94790885D009}
		{1628274E-560E-4025-8EA7-C4087E58ED4B} = {14CA818A-B881-4011-8B47-94790885D009}
		{2D36C73D-9882-4E1A-BB67-3E434F311FDD} = {14CA818A-B881-4011-8B47-94790885D009}
		{4C1B42A9-00AE-46D0-9303-872DFD9398AB} = {14CA818A-B881-4011-8B47-94790885D009}
		{1876C690-4620-4D63-90A1-99C61A5C3998} = {2D36C73D-9882-4E1A-BB67-3E434F311FDD}
		{4C83678E-D349-46F6-BE28-36702CF7BABF} = {1628274E-560E-4025-8EA7-C4087E58ED4B}
		{B8373646-D9C5-4604-8DEF-8B9F2BB940E1} = {708F71E7-71BB-4781-BC79-1C4F4E7A7D84}
		{460138E9-75D0-45CB-AEA0-540537BCCA55} = {4C1B42A9-00AE-46D0-9303-872DFD9398AB}
		{0666D542-3539-45ED-915F-898F86819C5E} = {14CA818A-B881-4011-8B47-94790885D009}
		{B96983CA-7167-4F79-9D07-C633A18C7881} = {0666D542-3539-45ED-915F-898F86819C5E}
		{9989F66E-80BA-4DCF-91B0-2CE73B332D49} = {0666D542-3539-45ED-915F-898F86819C5E}
		{ADE87CC9-5D07-4ED8-AE00-9699F25571F4} = {0666D542-3539-45ED-915F-898F86819C5E}
		{0F772C1F-EA9E-450A-BACC-AE84F191D8B2} = {7CC35FE8-6FD3-4385-8301-C255E7E67D93}
		{EB53A2A0-9D34-4762-89C8-F5DEF515753E} = {7CC35FE8-6FD3-4385-8301-C255E7E67D93}
		{B50C6A62-8619-42E5-8089-682914CF7CE9} = {7CC35FE8-6FD3-4385-8301-C255E7E67D93}
		{4B66CE1B-ED4D-4540-A1C8-86FB0E563B71} = {7CC35FE8-6FD3-4385-8301-C255E7E67D93}
		{0608E4DE-4D30-465A-A745-C8C09C6E215F} = {0F772C1F-EA9E-450A-BACC-AE84F191D8B2}
		{492105B1-AD7A-4C34-94F1-FA7C510412A1} = {EB53A2A0-9D34-4762-89C8-F5DEF515753E}
		{EAFF2383-DF08-470C-B873-0363D75EF64B} = {4B66CE1B-ED4D-4540-A1C8-86FB0E563B71}
		{CA1C9820-AFAE-4EBC-90BD-69F74277C81F} = {B50C6A62-8619-42E5-8089-682914CF7CE9}
		{452B0025-862A-4C68-97E7-DD2EE8C5EE2A} = {B50C6A62-8619-42E5-8089-682914CF7CE9}
	EndGlobalSection
	GlobalSection(ExtensibilityGlobals) = postSolution
		SolutionGuid = {D8D3BE76-1B62-465B-995B-33FAB680B505}
	EndGlobalSection
EndGlobal
